
Microsoft Visual Studio Solution File, Format Version 12.00
Project("{FAE04EC0-301F-11D3-BF4B-00C04F79EFBC}") = "Travis Test", "Travis Test.csproj", "{DD8ED91B-A05B-47BE-8A75-9821D78C7C21}"
EndProject
Project("{FAE04EC0-301F-11D3-BF4B-00C04F79EFBC}") = "Tests", "Tests\Tests.csproj", "{B76ABADB-1D2D-4CD0-B47F-A78FBD75F457}"
EndProject
Global
	GlobalSection(SolutionConfigurationPlatforms) = preSolution
		Debug|Any CPU = Debug|Any CPU
		Release|Any CPU = Release|Any CPU
	EndGlobalSection
	GlobalSection(ProjectConfigurationPlatforms) = postSolution
		{DD8ED91B-A05B-47BE-8A75-9821D78C7C21}.Debug|Any CPU.ActiveCfg = Debug|Any CPU
		{DD8ED91B-A05B-47BE-8A75-9821D78C7C21}.Debug|Any CPU.Build.0 = Debug|Any CPU
		{DD8ED91B-A05B-47BE-8A75-9821D78C7C21}.Release|Any CPU.ActiveCfg = Release|Any CPU
		{DD8ED91B-A05B-47BE-8A75-9821D78C7C21}.Release|Any CPU.Build.0 = Release|Any CPU
		{B76ABADB-1D2D-4CD0-B47F-A78FBD75F457}.Debug|Any CPU.ActiveCfg = Debug|Any CPU
		{B76ABADB-1D2D-4CD0-B47F-A78FBD75F457}.Debug|Any CPU.Build.0 = Debug|Any CPU
		{B76ABADB-1D2D-4CD0-B47F-A78FBD75F457}.Release|Any CPU.ActiveCfg = Release|Any CPU
		{B76ABADB-1D2D-4CD0-B47F-A78FBD75F457}.Release|Any CPU.Build.0 = Release|Any CPU
	EndGlobalSection
EndGlobal
